
Microsoft Visual Studio Solution File, Format Version 12.00
# Visual Studio 15
VisualStudioVersion = 15.0.27703.2042
MinimumVisualStudioVersion = 10.0.40219.1
Project("{9A19103F-16F7-4668-BE54-9A1E7A4F7556}") = "HowTallIsYourWall", "HowTallIsYourWall\HowTallIsYourWall.csproj", "{D8568F34-6DC7-4119-93F0-D1E92AA0A710}"
EndProject
Global
	GlobalSection(SolutionConfigurationPlatforms) = preSolution
		Debug|Any CPU = Debug|Any CPU
		Release|Any CPU = Release|Any CPU
	EndGlobalSection
	GlobalSection(ProjectConfigurationPlatforms) = postSolution
		{D8568F34-6DC7-4119-93F0-D1E92AA0A710}.Debug|Any CPU.ActiveCfg = Debug|Any CPU
		{D8568F34-6DC7-4119-93F0-D1E92AA0A710}.Debug|Any CPU.Build.0 = Debug|Any CPU
		{D8568F34-6DC7-4119-93F0-D1E92AA0A710}.Release|Any CPU.ActiveCfg = Release|Any CPU
		{D8568F34-6DC7-4119-93F0-D1E92AA0A710}.Release|Any CPU.Build.0 = Release|Any CPU
	EndGlobalSection
	GlobalSection(SolutionProperties) = preSolution
		HideSolutionNode = FALSE
	EndGlobalSection
	GlobalSection(ExtensibilityGlobals) = postSolution
		SolutionGuid = {A80841F2-DB10-4CE5-8D41-D97C66290966}
	EndGlobalSection
EndGlobal
